# THIS IS AN AUTOGENERATED FILE. DO NOT EDIT THIS FILE DIRECTLY.
# yarn lockfile v1


react-ga@^3.2.0:
  version "3.2.0"
  resolved "https://registry.yarnpkg.com/react-ga/-/react-ga-3.2.0.tgz#a8ea91e8e681f49d30afcee72d71fc5c71b67d57"
  integrity sha512-YHHG5QIzRdDToB9ST1/BrGQhLZPzkrNjoeTu3SZLgwdqzeA9F2XOStuOGXAp1ak/SAo9pyR1Uo/hY0C5wZwfqA==
